{
  "version": 4,
  "terraform_version": "1.5.3",
  "serial": 1986,
  "lineage": "03076c13-9980-0689-ff7d-591320b3c195",
  "outputs": {},
  "resources": [
    {
      "mode": "managed",
      "type": "google_compute_backend_service",
      "name": "wordpress-backend-service",
      "provider": "provider[\"registry.terraform.io/hashicorp/google\"]",
      "instances": [
        {
          "schema_version": 1,
          "attributes": {
            "affinity_cookie_ttl_sec": 0,
            "backend": [
              {
                "balancing_mode": "UTILIZATION",
                "capacity_scaler": 1,
                "description": "",
                "group": "https://www.googleapis.com/compute/v1/projects/indigo-charge-316314/regions/us-central1/instanceGroups/example-instance-group",
                "max_connections": 0,
                "max_connections_per_endpoint": 0,
                "max_connections_per_instance": 0,
                "max_rate": 0,
                "max_rate_per_endpoint": 0,
                "max_rate_per_instance": 0,
                "max_utilization": 0
              }
            ],
            "cdn_policy": [],
            "circuit_breakers": [],
            "compression_mode": "",
            "connection_draining_timeout_sec": 300,
            "consistent_hash": [],
            "creation_timestamp": "2023-09-05T07:38:04.814-07:00",
            "custom_request_headers": null,
            "custom_response_headers": null,
            "description": "",
            "edge_security_policy": "",
            "enable_cdn": false,
            "fingerprint": "1AXGfE7UgA4=",
            "generated_id": 6731743271122011043,
            "health_checks": [
              "https://www.googleapis.com/compute/v1/projects/indigo-charge-316314/global/httpHealthChecks/wordpress-health-check"
            ],
            "iap": [],
            "id": "projects/indigo-charge-316314/global/backendServices/wordpress-backend-service",
            "load_balancing_scheme": "EXTERNAL",
            "locality_lb_policies": [],
            "locality_lb_policy": "",
            "log_config": [],
            "name": "wordpress-backend-service",
            "outlier_detection": [],
            "port_name": "http",
            "project": "indigo-charge-316314",
            "protocol": "HTTP",
            "security_policy": "",
            "security_settings": [],
            "self_link": "https://www.googleapis.com/compute/v1/projects/indigo-charge-316314/global/backendServices/wordpress-backend-service",
            "session_affinity": "NONE",
            "timeout_sec": 10,
            "timeouts": null
          },
          "sensitive_attributes": [],
          "private": "eyJlMmJmYjczMC1lY2FhLTExZTYtOGY4OC0zNDM2M2JjN2M0YzAiOnsiY3JlYXRlIjoxMjAwMDAwMDAwMDAwLCJkZWxldGUiOjEyMDAwMDAwMDAwMDAsInVwZGF0ZSI6MTIwMDAwMDAwMDAwMH0sInNjaGVtYV92ZXJzaW9uIjoiMSJ9",
          "dependencies": [
            "google_compute_global_address.private_ip_address",
            "google_compute_http_health_check.http",
            "google_compute_instance_template.example_instance_template",
            "google_compute_network.vpc_network",
            "google_compute_region_instance_group_manager.example_instance_group",
            "google_compute_subnetwork.private_subnet_1",
            "google_service_networking_connection.default",
            "google_sql_database.database",
            "google_sql_database_instance.main",
            "google_sql_user.users",
            "random_id.db_name_suffix"
          ]
        }
      ]
    },
    {
      "mode": "managed",
      "type": "google_compute_firewall",
      "name": "allow-iap",
      "provider": "provider[\"registry.terraform.io/hashicorp/google\"]",
      "instances": [
        {
          "schema_version": 1,
          "attributes": {
            "allow": [
              {
                "ports": [
                  "22"
                ],
                "protocol": "tcp"
              }
            ],
            "creation_timestamp": "2023-09-05T07:27:24.979-07:00",
            "deny": [],
            "description": "",
            "destination_ranges": [],
            "direction": "INGRESS",
            "disabled": false,
            "enable_logging": null,
            "id": "projects/indigo-charge-316314/global/firewalls/allow-iap",
            "log_config": [],
            "name": "allow-iap",
            "network": "https://www.googleapis.com/compute/v1/projects/indigo-charge-316314/global/networks/my-vpc-network",
            "priority": 1000,
            "project": "indigo-charge-316314",
            "self_link": "https://www.googleapis.com/compute/v1/projects/indigo-charge-316314/global/firewalls/allow-iap",
            "source_ranges": [
              "0.0.0.0/0"
            ],
            "source_service_accounts": null,
            "source_tags": null,
            "target_service_accounts": null,
            "target_tags": [
              "wordpress"
            ],
            "timeouts": null
          },
          "sensitive_attributes": [],
          "private": "eyJlMmJmYjczMC1lY2FhLTExZTYtOGY4OC0zNDM2M2JjN2M0YzAiOnsiY3JlYXRlIjoxMjAwMDAwMDAwMDAwLCJkZWxldGUiOjEyMDAwMDAwMDAwMDAsInVwZGF0ZSI6MTIwMDAwMDAwMDAwMH0sInNjaGVtYV92ZXJzaW9uIjoiMSJ9",
          "dependencies": [
            "google_compute_network.vpc_network"
          ]
        }
      ]
    },
    {
      "mode": "managed",
      "type": "google_compute_firewall",
      "name": "sql",
      "provider": "provider[\"registry.terraform.io/hashicorp/google\"]",
      "instances": [
        {
          "schema_version": 1,
          "attributes": {
            "allow": [
              {
                "ports": [
                  "3306"
                ],
                "protocol": "tcp"
              }
            ],
            "creation_timestamp": "2023-09-05T07:27:24.992-07:00",
            "deny": [],
            "description": "",
            "destination_ranges": [],
            "direction": "INGRESS",
            "disabled": false,
            "enable_logging": null,
            "id": "projects/indigo-charge-316314/global/firewalls/sql",
            "log_config": [],
            "name": "sql",
            "network": "https://www.googleapis.com/compute/v1/projects/indigo-charge-316314/global/networks/my-vpc-network",
            "priority": 1000,
            "project": "indigo-charge-316314",
            "self_link": "https://www.googleapis.com/compute/v1/projects/indigo-charge-316314/global/firewalls/sql",
            "source_ranges": [
              "0.0.0.0/0"
            ],
            "source_service_accounts": null,
            "source_tags": null,
            "target_service_accounts": null,
            "target_tags": [
              "wordpress"
            ],
            "timeouts": null
          },
          "sensitive_attributes": [],
          "private": "eyJlMmJmYjczMC1lY2FhLTExZTYtOGY4OC0zNDM2M2JjN2M0YzAiOnsiY3JlYXRlIjoxMjAwMDAwMDAwMDAwLCJkZWxldGUiOjEyMDAwMDAwMDAwMDAsInVwZGF0ZSI6MTIwMDAwMDAwMDAwMH0sInNjaGVtYV92ZXJzaW9uIjoiMSJ9",
          "dependencies": [
            "google_compute_network.vpc_network"
          ]
        }
      ]
    },
    {
      "mode": "managed",
      "type": "google_compute_firewall",
      "name": "wordpress_firewall",
      "provider": "provider[\"registry.terraform.io/hashicorp/google\"]",
      "instances": [
        {
          "schema_version": 1,
          "attributes": {
            "allow": [
              {
                "ports": [
                  "80"
                ],
                "protocol": "tcp"
              }
            ],
            "creation_timestamp": "2023-09-05T07:27:25.034-07:00",
            "deny": [],
            "description": "",
            "destination_ranges": [],
            "direction": "INGRESS",
            "disabled": false,
            "enable_logging": null,
            "id": "projects/indigo-charge-316314/global/firewalls/wordpress-firewall",
            "log_config": [],
            "name": "wordpress-firewall",
            "network": "https://www.googleapis.com/compute/v1/projects/indigo-charge-316314/global/networks/my-vpc-network",
            "priority": 1000,
            "project": "indigo-charge-316314",
            "self_link": "https://www.googleapis.com/compute/v1/projects/indigo-charge-316314/global/firewalls/wordpress-firewall",
            "source_ranges": [
              "0.0.0.0/0"
            ],
            "source_service_accounts": null,
            "source_tags": null,
            "target_service_accounts": null,
            "target_tags": [
              "wordpress"
            ],
            "timeouts": null
          },
          "sensitive_attributes": [],
          "private": "eyJlMmJmYjczMC1lY2FhLTExZTYtOGY4OC0zNDM2M2JjN2M0YzAiOnsiY3JlYXRlIjoxMjAwMDAwMDAwMDAwLCJkZWxldGUiOjEyMDAwMDAwMDAwMDAsInVwZGF0ZSI6MTIwMDAwMDAwMDAwMH0sInNjaGVtYV92ZXJzaW9uIjoiMSJ9",
          "dependencies": [
            "google_compute_network.vpc_network"
          ]
        }
      ]
    },
    {
      "mode": "managed",
      "type": "google_compute_global_address",
      "name": "private_ip_address",
      "provider": "provider[\"registry.terraform.io/hashicorp/google\"]",
      "instances": [
        {
          "schema_version": 0,
          "attributes": {
            "address": "10.80.0.0",
            "address_type": "INTERNAL",
            "creation_timestamp": "2023-09-05T07:27:24.894-07:00",
            "description": "",
            "id": "projects/indigo-charge-316314/global/addresses/private-ip-address",
            "ip_version": "",
            "name": "private-ip-address",
            "network": "https://www.googleapis.com/compute/v1/projects/indigo-charge-316314/global/networks/my-vpc-network",
            "prefix_length": 16,
            "project": "indigo-charge-316314",
            "purpose": "VPC_PEERING",
            "self_link": "https://www.googleapis.com/compute/v1/projects/indigo-charge-316314/global/addresses/private-ip-address",
            "timeouts": null
          },
          "sensitive_attributes": [],
          "private": "eyJlMmJmYjczMC1lY2FhLTExZTYtOGY4OC0zNDM2M2JjN2M0YzAiOnsiY3JlYXRlIjoxMjAwMDAwMDAwMDAwLCJkZWxldGUiOjEyMDAwMDAwMDAwMDB9fQ==",
          "dependencies": [
            "google_compute_network.vpc_network"
          ]
        }
      ]
    },
    {
      "mode": "managed",
      "type": "google_compute_global_forwarding_rule",
      "name": "wordpress-http-forwarding-rule",
      "provider": "provider[\"registry.terraform.io/hashicorp/google\"]",
      "instances": [
        {
          "schema_version": 0,
          "attributes": {
            "base_forwarding_rule": "",
            "description": "",
            "id": "projects/indigo-charge-316314/global/forwardingRules/wordpress-http-forwarding-rule",
            "ip_address": "34.111.176.104",
            "ip_protocol": "TCP",
            "ip_version": "",
            "label_fingerprint": "42WmSpB8rSM=",
            "labels": null,
            "load_balancing_scheme": "EXTERNAL",
            "metadata_filters": [],
            "name": "wordpress-http-forwarding-rule",
            "network": "",
            "no_automate_dns_zone": null,
            "port_range": "80-80",
            "project": "indigo-charge-316314",
            "psc_connection_id": "",
            "psc_connection_status": "",
            "self_link": "https://www.googleapis.com/compute/v1/projects/indigo-charge-316314/global/forwardingRules/wordpress-http-forwarding-rule",
            "source_ip_ranges": null,
            "subnetwork": "",
            "target": "https://www.googleapis.com/compute/v1/projects/indigo-charge-316314/global/targetHttpProxies/wordpress-http-proxy",
            "timeouts": null
          },
          "sensitive_attributes": [],
          "private": "eyJlMmJmYjczMC1lY2FhLTExZTYtOGY4OC0zNDM2M2JjN2M0YzAiOnsiY3JlYXRlIjoxMjAwMDAwMDAwMDAwLCJkZWxldGUiOjEyMDAwMDAwMDAwMDAsInVwZGF0ZSI6MTIwMDAwMDAwMDAwMH19",
          "dependencies": [
            "google_compute_backend_service.wordpress-backend-service",
            "google_compute_global_address.private_ip_address",
            "google_compute_http_health_check.http",
            "google_compute_instance_template.example_instance_template",
            "google_compute_network.vpc_network",
            "google_compute_region_instance_group_manager.example_instance_group",
            "google_compute_subnetwork.private_subnet_1",
            "google_compute_target_http_proxy.wordpress-http-proxy",
            "google_compute_url_map.wordpress-url-map",
            "google_service_networking_connection.default",
            "google_sql_database.database",
            "google_sql_database_instance.main",
            "google_sql_user.users",
            "random_id.db_name_suffix"
          ]
        }
      ]
    },
    {
      "mode": "managed",
      "type": "google_compute_http_health_check",
      "name": "http",
      "provider": "provider[\"registry.terraform.io/hashicorp/google\"]",
      "instances": [
        {
          "schema_version": 0,
          "attributes": {
            "check_interval_sec": 1,
            "creation_timestamp": "2023-09-05T07:27:12.830-07:00",
            "description": "",
            "healthy_threshold": 3,
            "host": "",
            "id": "projects/indigo-charge-316314/global/httpHealthChecks/wordpress-health-check",
            "name": "wordpress-health-check",
            "port": 80,
            "project": "indigo-charge-316314",
            "request_path": "/",
            "self_link": "https://www.googleapis.com/compute/v1/projects/indigo-charge-316314/global/httpHealthChecks/wordpress-health-check",
            "timeout_sec": 1,
            "timeouts": null,
            "unhealthy_threshold": 3
          },
          "sensitive_attributes": [],
          "private": "eyJlMmJmYjczMC1lY2FhLTExZTYtOGY4OC0zNDM2M2JjN2M0YzAiOnsiY3JlYXRlIjoxMjAwMDAwMDAwMDAwLCJkZWxldGUiOjEyMDAwMDAwMDAwMDAsInVwZGF0ZSI6MTIwMDAwMDAwMDAwMH19"
        }
      ]
    },
    {
      "mode": "managed",
      "type": "google_compute_instance_template",
      "name": "example_instance_template",
      "provider": "provider[\"registry.terraform.io/hashicorp/google\"]",
      "instances": [
        {
          "schema_version": 1,
          "attributes": {
            "advanced_machine_features": [],
            "can_ip_forward": false,
            "confidential_instance_config": null,
            "description": "",
            "disk": [
              {
                "auto_delete": true,
                "boot": true,
                "device_name": "persistent-disk-0",
                "disk_encryption_key": [],
                "disk_name": "",
                "disk_size_gb": 0,
                "disk_type": "pd-standard",
                "interface": "SCSI",
                "labels": null,
                "mode": "READ_WRITE",
                "provisioned_iops": 0,
                "resource_policies": null,
                "source": "",
                "source_image": "projects/ubuntu-os-cloud/global/images/ubuntu-2004-focal-v20230831",
                "source_image_encryption_key": [],
                "source_snapshot": "",
                "source_snapshot_encryption_key": [],
                "type": "PERSISTENT"
              }
            ],
            "guest_accelerator": [],
            "id": "projects/indigo-charge-316314/global/instanceTemplates/example-instance-template",
            "instance_description": "",
            "labels": null,
            "machine_type": "f1-micro",
            "metadata": null,
            "metadata_fingerprint": "2q6o8i2m9ic=",
            "metadata_startup_script": "#!/bin/bash\nsudo apt update\nsudo apt install -y apache2 \\\n                 ghostscript \\\n                 libapache2-mod-php \\\n                 php \\\n                 php-bcmath \\\n                 php-curl \\\n                 php-imagick \\\n                 php-intl \\\n                 php-json \\\n                 php-mbstring \\\n                 php-mysql \\\n                 php-xml \\\n                 php-zip \\\n                 nfs-common \\\n                 cifs-utils \\\n                 curl\ncurl https://wordpress.org/latest.tar.gz | sudo tar zx -C /var/www\necho \"\u003cVirtualHost *:80\u003e\n    DocumentRoot /var/www/wordpress\n    \u003cDirectory /var/www/wordpress\u003e\n        Options FollowSymLinks\n        AllowOverride Limit Options FileInfo\n        DirectoryIndex index.php\n        Require all granted\n    \u003c/Directory\u003e\n    \u003cDirectory /var/www/wordpress/wp-content\u003e\n        Options FollowSymLinks\n        Require all granted\n    \u003c/Directory\u003e\n\u003c/VirtualHost\u003e\" | sudo tee -a /etc/apache2/sites-available/wordpress.conf\nsudo a2ensite wordpress\nsudo a2enmod rewrite\nsudo a2dissite 000-default\nsudo cp /var/www/wordpress/wp-config-sample.php /var/www/wordpress/wp-config.php\nsudo sed -i 's/database_name_here/wordpress/' /var/www/wordpress/wp-config.php\nsudo sed -i 's|username_here|'wordpress'|' /var/www/wordpress/wp-config.php\nsudo sed -i 's|password_here|'wordpress'|' /var/www/wordpress/wp-config.php\nsudo sed -i 's|localhost|'10.80.0.5'|' /var/www/wordpress/wp-config.php\nsudo sed -i \"86i\\define( 'WP_INSTALLING', true );\" /var/www/wordpress/wp-config.php\nsudo systemctl restart apache2",
            "min_cpu_platform": "",
            "name": "example-instance-template",
            "name_prefix": null,
            "network_interface": [
              {
                "access_config": [],
                "alias_ip_range": [],
                "ipv6_access_config": [],
                "ipv6_access_type": "",
                "name": "nic0",
                "network": "https://www.googleapis.com/compute/v1/projects/indigo-charge-316314/global/networks/my-vpc-network",
                "network_ip": "",
                "nic_type": "",
                "queue_count": 0,
                "stack_type": "",
                "subnetwork": "https://www.googleapis.com/compute/v1/projects/indigo-charge-316314/regions/us-central1/subnetworks/private-subnet-1",
                "subnetwork_project": "indigo-charge-316314"
              }
            ],
            "network_performance_config": [],
            "project": "indigo-charge-316314",
            "region": "us-central1",
            "reservation_affinity": [],
            "resource_policies": null,
            "scheduling": [
              {
                "automatic_restart": true,
                "instance_termination_action": "",
                "local_ssd_recovery_timeout": [],
                "min_node_cpus": 0,
                "node_affinities": [],
                "on_host_maintenance": "MIGRATE",
                "preemptible": false,
                "provisioning_model": "STANDARD"
              }
            ],
            "self_link": "https://www.googleapis.com/compute/v1/projects/indigo-charge-316314/global/instanceTemplates/example-instance-template",
            "self_link_unique": "https://www.googleapis.com/compute/v1/projects/indigo-charge-316314/global/instanceTemplates/example-instance-template?uniqueId=6728957370650231753",
            "service_account": [],
            "shielded_instance_config": [],
            "tags": [
              "wordpress"
            ],
            "tags_fingerprint": "",
            "timeouts": null
          },
          "sensitive_attributes": [
            [
              {
                "type": "get_attr",
                "value": "metadata_startup_script"
              }
            ]
          ],
          "private": "eyJlMmJmYjczMC1lY2FhLTExZTYtOGY4OC0zNDM2M2JjN2M0YzAiOnsiY3JlYXRlIjoyNDAwMDAwMDAwMDAsImRlbGV0ZSI6MjQwMDAwMDAwMDAwfSwic2NoZW1hX3ZlcnNpb24iOiIxIn0=",
          "dependencies": [
            "google_compute_global_address.private_ip_address",
            "google_compute_network.vpc_network",
            "google_compute_subnetwork.private_subnet_1",
            "google_service_networking_connection.default",
            "google_sql_database.database",
            "google_sql_database_instance.main",
            "google_sql_user.users",
            "random_id.db_name_suffix"
          ]
        }
      ]
    },
    {
      "mode": "managed",
      "type": "google_compute_network",
      "name": "vpc_network",
      "provider": "provider[\"registry.terraform.io/hashicorp/google\"]",
      "instances": [
        {
          "schema_version": 0,
          "attributes": {
            "auto_create_subnetworks": false,
            "delete_default_routes_on_create": false,
            "description": "",
            "enable_ula_internal_ipv6": false,
            "gateway_ipv4": "",
            "id": "projects/indigo-charge-316314/global/networks/my-vpc-network",
            "internal_ipv6_range": "",
            "mtu": 0,
            "name": "my-vpc-network",
            "network_firewall_policy_enforcement_order": "AFTER_CLASSIC_FIREWALL",
            "project": "indigo-charge-316314",
            "routing_mode": "REGIONAL",
            "self_link": "https://www.googleapis.com/compute/v1/projects/indigo-charge-316314/global/networks/my-vpc-network",
            "timeouts": null
          },
          "sensitive_attributes": [],
          "private": "eyJlMmJmYjczMC1lY2FhLTExZTYtOGY4OC0zNDM2M2JjN2M0YzAiOnsiY3JlYXRlIjoxMjAwMDAwMDAwMDAwLCJkZWxldGUiOjEyMDAwMDAwMDAwMDAsInVwZGF0ZSI6MTIwMDAwMDAwMDAwMH19"
        }
      ]
    },
    {
      "mode": "managed",
      "type": "google_compute_network_peering_routes_config",
      "name": "peering_routes",
      "provider": "provider[\"registry.terraform.io/hashicorp/google\"]",
      "instances": [
        {
          "schema_version": 0,
          "attributes": {
            "export_custom_routes": true,
            "id": "projects/indigo-charge-316314/global/networks/my-vpc-network/networkPeerings/servicenetworking-googleapis-com",
            "import_custom_routes": true,
            "network": "my-vpc-network",
            "peering": "servicenetworking-googleapis-com",
            "project": "indigo-charge-316314",
            "timeouts": null
          },
          "sensitive_attributes": [],
          "private": "eyJlMmJmYjczMC1lY2FhLTExZTYtOGY4OC0zNDM2M2JjN2M0YzAiOnsiY3JlYXRlIjoxMjAwMDAwMDAwMDAwLCJkZWxldGUiOjEyMDAwMDAwMDAwMDAsInVwZGF0ZSI6MTIwMDAwMDAwMDAwMH19",
          "dependencies": [
            "google_compute_global_address.private_ip_address",
            "google_compute_network.vpc_network",
            "google_service_networking_connection.default"
          ]
        }
      ]
    },
    {
      "mode": "managed",
      "type": "google_compute_region_instance_group_manager",
      "name": "example_instance_group",
      "provider": "provider[\"registry.terraform.io/hashicorp/google\"]",
      "instances": [
        {
          "schema_version": 0,
          "attributes": {
            "auto_healing_policies": [],
            "base_instance_name": "example-instance",
            "description": "",
            "distribution_policy_target_shape": "EVEN",
            "distribution_policy_zones": [
              "us-central1-a",
              "us-central1-f"
            ],
            "fingerprint": "2Jma6kzm7Eg=",
            "id": "projects/indigo-charge-316314/regions/us-central1/instanceGroupManagers/example-instance-group",
            "instance_group": "https://www.googleapis.com/compute/v1/projects/indigo-charge-316314/regions/us-central1/instanceGroups/example-instance-group",
            "instance_lifecycle_policy": [
              {
                "force_update_on_repair": "NO"
              }
            ],
            "list_managed_instances_results": "PAGELESS",
            "name": "example-instance-group",
            "named_port": [
              {
                "name": "http",
                "port": 80
              },
              {
                "name": "sql",
                "port": 3306
              },
              {
                "name": "ssh",
                "port": 22
              }
            ],
            "project": "indigo-charge-316314",
            "region": "us-central1",
            "self_link": "https://www.googleapis.com/compute/v1/projects/indigo-charge-316314/regions/us-central1/instanceGroupManagers/example-instance-group",
            "stateful_disk": [],
            "status": [
              {
                "is_stable": false,
                "stateful": [
                  {
                    "has_stateful_config": false,
                    "per_instance_configs": [
                      {
                        "all_effective": true
                      }
                    ]
                  }
                ],
                "version_target": [
                  {
                    "is_reached": true
                  }
                ]
              }
            ],
            "target_pools": null,
            "target_size": 2,
            "timeouts": null,
            "update_policy": [
              {
                "instance_redistribution_type": "PROACTIVE",
                "max_surge_fixed": 2,
                "max_surge_percent": 0,
                "max_unavailable_fixed": 2,
                "max_unavailable_percent": 0,
                "minimal_action": "REPLACE",
                "most_disruptive_allowed_action": "",
                "replacement_method": "SUBSTITUTE",
                "type": "OPPORTUNISTIC"
              }
            ],
            "version": [
              {
                "instance_template": "https://www.googleapis.com/compute/v1/projects/indigo-charge-316314/global/instanceTemplates/example-instance-template",
                "name": "",
                "target_size": []
              }
            ],
            "wait_for_instances": false,
            "wait_for_instances_status": "STABLE"
          },
          "sensitive_attributes": [],
          "private": "eyJlMmJmYjczMC1lY2FhLTExZTYtOGY4OC0zNDM2M2JjN2M0YzAiOnsiY3JlYXRlIjo5MDAwMDAwMDAwMDAsImRlbGV0ZSI6OTAwMDAwMDAwMDAwLCJ1cGRhdGUiOjkwMDAwMDAwMDAwMH19",
          "dependencies": [
            "google_compute_global_address.private_ip_address",
            "google_compute_instance_template.example_instance_template",
            "google_compute_network.vpc_network",
            "google_compute_subnetwork.private_subnet_1",
            "google_service_networking_connection.default",
            "google_sql_database.database",
            "google_sql_database_instance.main",
            "google_sql_user.users",
            "random_id.db_name_suffix"
          ]
        }
      ]
    },
    {
      "mode": "managed",
      "type": "google_compute_router",
      "name": "router",
      "provider": "provider[\"registry.terraform.io/hashicorp/google\"]",
      "instances": [
        {
          "schema_version": 0,
          "attributes": {
            "bgp": [],
            "creation_timestamp": "2023-09-05T07:27:25.635-07:00",
            "description": "",
            "encrypted_interconnect_router": false,
            "id": "projects/indigo-charge-316314/regions/us-central1/routers/my-router",
            "name": "my-router",
            "network": "https://www.googleapis.com/compute/v1/projects/indigo-charge-316314/global/networks/my-vpc-network",
            "project": "indigo-charge-316314",
            "region": "us-central1",
            "self_link": "https://www.googleapis.com/compute/v1/projects/indigo-charge-316314/regions/us-central1/routers/my-router",
            "timeouts": null
          },
          "sensitive_attributes": [],
          "private": "eyJlMmJmYjczMC1lY2FhLTExZTYtOGY4OC0zNDM2M2JjN2M0YzAiOnsiY3JlYXRlIjoxMjAwMDAwMDAwMDAwLCJkZWxldGUiOjEyMDAwMDAwMDAwMDAsInVwZGF0ZSI6MTIwMDAwMDAwMDAwMH19",
          "dependencies": [
            "google_compute_network.vpc_network"
          ]
        }
      ]
    },
    {
      "mode": "managed",
      "type": "google_compute_router_nat",
      "name": "cloudnat",
      "provider": "provider[\"registry.terraform.io/hashicorp/google\"]",
      "instances": [
        {
          "schema_version": 0,
          "attributes": {
            "drain_nat_ips": null,
            "enable_dynamic_port_allocation": false,
            "enable_endpoint_independent_mapping": true,
            "icmp_idle_timeout_sec": 30,
            "id": "indigo-charge-316314/us-central1/my-router/testcloudnat",
            "log_config": [],
            "max_ports_per_vm": 0,
            "min_ports_per_vm": 0,
            "name": "testcloudnat",
            "nat_ip_allocate_option": "AUTO_ONLY",
            "nat_ips": null,
            "project": "indigo-charge-316314",
            "region": null,
            "router": "my-router",
            "rules": [],
            "source_subnetwork_ip_ranges_to_nat": "ALL_SUBNETWORKS_ALL_IP_RANGES",
            "subnetwork": [],
            "tcp_established_idle_timeout_sec": 1200,
            "tcp_time_wait_timeout_sec": 120,
            "tcp_transitory_idle_timeout_sec": 30,
            "timeouts": null,
            "udp_idle_timeout_sec": 30
          },
          "sensitive_attributes": [],
          "private": "eyJlMmJmYjczMC1lY2FhLTExZTYtOGY4OC0zNDM2M2JjN2M0YzAiOnsiY3JlYXRlIjoxMjAwMDAwMDAwMDAwLCJkZWxldGUiOjEyMDAwMDAwMDAwMDAsInVwZGF0ZSI6MTIwMDAwMDAwMDAwMH19",
          "dependencies": [
            "google_compute_network.vpc_network",
            "google_compute_router.router"
          ]
        }
      ]
    },
    {
      "mode": "managed",
      "type": "google_compute_subnetwork",
      "name": "private_subnet_1",
      "provider": "provider[\"registry.terraform.io/hashicorp/google\"]",
      "instances": [
        {
          "schema_version": 0,
          "attributes": {
            "creation_timestamp": "2023-09-05T07:27:25.720-07:00",
            "description": "",
            "external_ipv6_prefix": "",
            "fingerprint": null,
            "gateway_address": "10.0.3.1",
            "id": "projects/indigo-charge-316314/regions/us-central1/subnetworks/private-subnet-1",
            "ip_cidr_range": "10.0.3.0/24",
            "ipv6_access_type": "",
            "ipv6_cidr_range": "",
            "log_config": [],
            "name": "private-subnet-1",
            "network": "https://www.googleapis.com/compute/v1/projects/indigo-charge-316314/global/networks/my-vpc-network",
            "private_ip_google_access": false,
            "private_ipv6_google_access": "DISABLE_GOOGLE_ACCESS",
            "project": "indigo-charge-316314",
            "purpose": "PRIVATE",
            "region": "us-central1",
            "role": "",
            "secondary_ip_range": [],
            "self_link": "https://www.googleapis.com/compute/v1/projects/indigo-charge-316314/regions/us-central1/subnetworks/private-subnet-1",
            "stack_type": "IPV4_ONLY",
            "timeouts": null
          },
          "sensitive_attributes": [],
          "private": "eyJlMmJmYjczMC1lY2FhLTExZTYtOGY4OC0zNDM2M2JjN2M0YzAiOnsiY3JlYXRlIjoxMjAwMDAwMDAwMDAwLCJkZWxldGUiOjEyMDAwMDAwMDAwMDAsInVwZGF0ZSI6MTIwMDAwMDAwMDAwMH19",
          "dependencies": [
            "google_compute_network.vpc_network"
          ]
        }
      ]
    },
    {
      "mode": "managed",
      "type": "google_compute_subnetwork",
      "name": "private_subnet_2",
      "provider": "provider[\"registry.terraform.io/hashicorp/google\"]",
      "instances": [
        {
          "schema_version": 0,
          "attributes": {
            "creation_timestamp": "2023-09-05T07:27:25.712-07:00",
            "description": "",
            "external_ipv6_prefix": "",
            "fingerprint": null,
            "gateway_address": "10.0.4.1",
            "id": "projects/indigo-charge-316314/regions/us-central1/subnetworks/private-subnet-2",
            "ip_cidr_range": "10.0.4.0/24",
            "ipv6_access_type": "",
            "ipv6_cidr_range": "",
            "log_config": [],
            "name": "private-subnet-2",
            "network": "https://www.googleapis.com/compute/v1/projects/indigo-charge-316314/global/networks/my-vpc-network",
            "private_ip_google_access": false,
            "private_ipv6_google_access": "DISABLE_GOOGLE_ACCESS",
            "project": "indigo-charge-316314",
            "purpose": "PRIVATE",
            "region": "us-central1",
            "role": "",
            "secondary_ip_range": [],
            "self_link": "https://www.googleapis.com/compute/v1/projects/indigo-charge-316314/regions/us-central1/subnetworks/private-subnet-2",
            "stack_type": "IPV4_ONLY",
            "timeouts": null
          },
          "sensitive_attributes": [],
          "private": "eyJlMmJmYjczMC1lY2FhLTExZTYtOGY4OC0zNDM2M2JjN2M0YzAiOnsiY3JlYXRlIjoxMjAwMDAwMDAwMDAwLCJkZWxldGUiOjEyMDAwMDAwMDAwMDAsInVwZGF0ZSI6MTIwMDAwMDAwMDAwMH19",
          "dependencies": [
            "google_compute_network.vpc_network"
          ]
        }
      ]
    },
    {
      "mode": "managed",
      "type": "google_compute_subnetwork",
      "name": "public_subnet_1",
      "provider": "provider[\"registry.terraform.io/hashicorp/google\"]",
      "instances": [
        {
          "schema_version": 0,
          "attributes": {
            "creation_timestamp": "2023-09-05T07:27:25.148-07:00",
            "description": "",
            "external_ipv6_prefix": "",
            "fingerprint": null,
            "gateway_address": "10.0.1.1",
            "id": "projects/indigo-charge-316314/regions/us-central1/subnetworks/public-subnet-1",
            "ip_cidr_range": "10.0.1.0/24",
            "ipv6_access_type": "",
            "ipv6_cidr_range": "",
            "log_config": [],
            "name": "public-subnet-1",
            "network": "https://www.googleapis.com/compute/v1/projects/indigo-charge-316314/global/networks/my-vpc-network",
            "private_ip_google_access": false,
            "private_ipv6_google_access": "DISABLE_GOOGLE_ACCESS",
            "project": "indigo-charge-316314",
            "purpose": "PRIVATE",
            "region": "us-central1",
            "role": "",
            "secondary_ip_range": [],
            "self_link": "https://www.googleapis.com/compute/v1/projects/indigo-charge-316314/regions/us-central1/subnetworks/public-subnet-1",
            "stack_type": "IPV4_ONLY",
            "timeouts": null
          },
          "sensitive_attributes": [],
          "private": "eyJlMmJmYjczMC1lY2FhLTExZTYtOGY4OC0zNDM2M2JjN2M0YzAiOnsiY3JlYXRlIjoxMjAwMDAwMDAwMDAwLCJkZWxldGUiOjEyMDAwMDAwMDAwMDAsInVwZGF0ZSI6MTIwMDAwMDAwMDAwMH19",
          "dependencies": [
            "google_compute_network.vpc_network"
          ]
        }
      ]
    },
    {
      "mode": "managed",
      "type": "google_compute_subnetwork",
      "name": "public_subnet_2",
      "provider": "provider[\"registry.terraform.io/hashicorp/google\"]",
      "instances": [
        {
          "schema_version": 0,
          "attributes": {
            "creation_timestamp": "2023-09-05T07:27:25.716-07:00",
            "description": "",
            "external_ipv6_prefix": "",
            "fingerprint": null,
            "gateway_address": "10.0.2.1",
            "id": "projects/indigo-charge-316314/regions/us-central1/subnetworks/public-subnet-2",
            "ip_cidr_range": "10.0.2.0/24",
            "ipv6_access_type": "",
            "ipv6_cidr_range": "",
            "log_config": [],
            "name": "public-subnet-2",
            "network": "https://www.googleapis.com/compute/v1/projects/indigo-charge-316314/global/networks/my-vpc-network",
            "private_ip_google_access": false,
            "private_ipv6_google_access": "DISABLE_GOOGLE_ACCESS",
            "project": "indigo-charge-316314",
            "purpose": "PRIVATE",
            "region": "us-central1",
            "role": "",
            "secondary_ip_range": [],
            "self_link": "https://www.googleapis.com/compute/v1/projects/indigo-charge-316314/regions/us-central1/subnetworks/public-subnet-2",
            "stack_type": "IPV4_ONLY",
            "timeouts": null
          },
          "sensitive_attributes": [],
          "private": "eyJlMmJmYjczMC1lY2FhLTExZTYtOGY4OC0zNDM2M2JjN2M0YzAiOnsiY3JlYXRlIjoxMjAwMDAwMDAwMDAwLCJkZWxldGUiOjEyMDAwMDAwMDAwMDAsInVwZGF0ZSI6MTIwMDAwMDAwMDAwMH19",
          "dependencies": [
            "google_compute_network.vpc_network"
          ]
        }
      ]
    },
    {
      "mode": "managed",
      "type": "google_compute_target_http_proxy",
      "name": "wordpress-http-proxy",
      "provider": "provider[\"registry.terraform.io/hashicorp/google\"]",
      "instances": [
        {
          "schema_version": 0,
          "attributes": {
            "creation_timestamp": "2023-09-05T07:38:39.718-07:00",
            "description": "",
            "http_keep_alive_timeout_sec": 0,
            "id": "projects/indigo-charge-316314/global/targetHttpProxies/wordpress-http-proxy",
            "name": "wordpress-http-proxy",
            "project": "indigo-charge-316314",
            "proxy_bind": false,
            "proxy_id": 2278380115276235648,
            "self_link": "https://www.googleapis.com/compute/v1/projects/indigo-charge-316314/global/targetHttpProxies/wordpress-http-proxy",
            "timeouts": null,
            "url_map": "https://www.googleapis.com/compute/v1/projects/indigo-charge-316314/global/urlMaps/wordpress-url-map"
          },
          "sensitive_attributes": [],
          "private": "eyJlMmJmYjczMC1lY2FhLTExZTYtOGY4OC0zNDM2M2JjN2M0YzAiOnsiY3JlYXRlIjoxMjAwMDAwMDAwMDAwLCJkZWxldGUiOjEyMDAwMDAwMDAwMDAsInVwZGF0ZSI6MTIwMDAwMDAwMDAwMH19",
          "dependencies": [
            "google_compute_backend_service.wordpress-backend-service",
            "google_compute_global_address.private_ip_address",
            "google_compute_http_health_check.http",
            "google_compute_instance_template.example_instance_template",
            "google_compute_network.vpc_network",
            "google_compute_region_instance_group_manager.example_instance_group",
            "google_compute_subnetwork.private_subnet_1",
            "google_compute_url_map.wordpress-url-map",
            "google_service_networking_connection.default",
            "google_sql_database.database",
            "google_sql_database_instance.main",
            "google_sql_user.users",
            "random_id.db_name_suffix"
          ]
        }
      ]
    },
    {
      "mode": "managed",
      "type": "google_compute_url_map",
      "name": "wordpress-url-map",
      "provider": "provider[\"registry.terraform.io/hashicorp/google\"]",
      "instances": [
        {
          "schema_version": 0,
          "attributes": {
            "creation_timestamp": "2023-09-05T07:38:27.508-07:00",
            "default_route_action": [],
            "default_service": "https://www.googleapis.com/compute/v1/projects/indigo-charge-316314/global/backendServices/wordpress-backend-service",
            "default_url_redirect": [],
            "description": "",
            "fingerprint": "I47hXhrRU14=",
            "header_action": [],
            "host_rule": [],
            "id": "projects/indigo-charge-316314/global/urlMaps/wordpress-url-map",
            "map_id": 8199355758196458380,
            "name": "wordpress-url-map",
            "path_matcher": [],
            "project": "indigo-charge-316314",
            "self_link": "https://www.googleapis.com/compute/v1/projects/indigo-charge-316314/global/urlMaps/wordpress-url-map",
            "test": [],
            "timeouts": null
          },
          "sensitive_attributes": [],
          "private": "eyJlMmJmYjczMC1lY2FhLTExZTYtOGY4OC0zNDM2M2JjN2M0YzAiOnsiY3JlYXRlIjoxMjAwMDAwMDAwMDAwLCJkZWxldGUiOjEyMDAwMDAwMDAwMDAsInVwZGF0ZSI6MTIwMDAwMDAwMDAwMH19",
          "dependencies": [
            "google_compute_backend_service.wordpress-backend-service",
            "google_compute_global_address.private_ip_address",
            "google_compute_http_health_check.http",
            "google_compute_instance_template.example_instance_template",
            "google_compute_network.vpc_network",
            "google_compute_region_instance_group_manager.example_instance_group",
            "google_compute_subnetwork.private_subnet_1",
            "google_service_networking_connection.default",
            "google_sql_database.database",
            "google_sql_database_instance.main",
            "google_sql_user.users",
            "random_id.db_name_suffix"
          ]
        }
      ]
    },
    {
      "mode": "managed",
      "type": "google_service_networking_connection",
      "name": "default",
      "provider": "provider[\"registry.terraform.io/hashicorp/google\"]",
      "instances": [
        {
          "schema_version": 0,
          "attributes": {
            "id": "projects%2Findigo-charge-316314%2Fglobal%2Fnetworks%2Fmy-vpc-network:servicenetworking.googleapis.com",
            "network": "projects/indigo-charge-316314/global/networks/my-vpc-network",
            "peering": "servicenetworking-googleapis-com",
            "reserved_peering_ranges": [
              "private-ip-address"
            ],
            "service": "servicenetworking.googleapis.com",
            "timeouts": null
          },
          "sensitive_attributes": [],
          "private": "eyJlMmJmYjczMC1lY2FhLTExZTYtOGY4OC0zNDM2M2JjN2M0YzAiOnsiY3JlYXRlIjo2MDAwMDAwMDAwMDAsImRlbGV0ZSI6NjAwMDAwMDAwMDAwLCJ1cGRhdGUiOjYwMDAwMDAwMDAwMH19",
          "dependencies": [
            "google_compute_global_address.private_ip_address",
            "google_compute_network.vpc_network"
          ]
        }
      ]
    },
    {
      "mode": "managed",
      "type": "google_sql_database",
      "name": "database",
      "provider": "provider[\"registry.terraform.io/hashicorp/google\"]",
      "instances": [
        {
          "schema_version": 0,
          "attributes": {
            "charset": "utf8",
            "collation": "utf8_general_ci",
            "deletion_policy": "DELETE",
            "id": "projects/indigo-charge-316314/instances/main-instance-0af16ff2/databases/wordpress",
            "instance": "main-instance-0af16ff2",
            "name": "wordpress",
            "project": "indigo-charge-316314",
            "self_link": "https://sqladmin.googleapis.com/sql/v1beta4/projects/indigo-charge-316314/instances/main-instance-0af16ff2/databases/wordpress",
            "timeouts": null
          },
          "sensitive_attributes": [],
          "private": "eyJlMmJmYjczMC1lY2FhLTExZTYtOGY4OC0zNDM2M2JjN2M0YzAiOnsiY3JlYXRlIjoxMjAwMDAwMDAwMDAwLCJkZWxldGUiOjEyMDAwMDAwMDAwMDAsInVwZGF0ZSI6MTIwMDAwMDAwMDAwMH19",
          "dependencies": [
            "google_compute_global_address.private_ip_address",
            "google_compute_network.vpc_network",
            "google_service_networking_connection.default",
            "google_sql_database_instance.main",
            "random_id.db_name_suffix"
          ]
        }
      ]
    },
    {
      "mode": "managed",
      "type": "google_sql_database_instance",
      "name": "main",
      "provider": "provider[\"registry.terraform.io/hashicorp/google\"]",
      "instances": [
        {
          "schema_version": 0,
          "attributes": {
            "available_maintenance_versions": [],
            "clone": [],
            "connection_name": "indigo-charge-316314:us-central1:main-instance-0af16ff2",
            "database_version": "MYSQL_5_7",
            "deletion_protection": false,
            "dns_name": "",
            "encryption_key_name": null,
            "first_ip_address": "10.80.0.5",
            "id": "main-instance-0af16ff2",
            "instance_type": "CLOUD_SQL_INSTANCE",
            "ip_address": [
              {
                "ip_address": "10.80.0.5",
                "time_to_retire": "",
                "type": "PRIVATE"
              }
            ],
            "maintenance_version": "MYSQL_5_7_42.R20230530.03_11",
            "master_instance_name": "",
            "name": "main-instance-0af16ff2",
            "private_ip_address": "10.80.0.5",
            "project": "indigo-charge-316314",
            "psc_service_attachment_link": "",
            "public_ip_address": "",
            "region": "us-central1",
            "replica_configuration": [],
            "restore_backup_context": [],
            "root_password": null,
            "self_link": "https://sqladmin.googleapis.com/sql/v1beta4/projects/indigo-charge-316314/instances/main-instance-0af16ff2",
            "server_ca_cert": [
              {
                "cert": "-----BEGIN CERTIFICATE-----\nMIIDfzCCAmegAwIBAgIBADANBgkqhkiG9w0BAQsFADB3MS0wKwYDVQQuEyQ3OTU5\nYThjZS1iMjFlLTQzODUtOTE3Ni1lYmMxNGUwYmE4Y2UxIzAhBgNVBAMTGkdvb2ds\nZSBDbG91ZCBTUUwgU2VydmVyIENBMRQwEgYDVQQKEwtHb29nbGUsIEluYzELMAkG\nA1UEBhMCVVMwHhcNMjMwOTA1MTQyOTIxWhcNMzMwOTAyMTQzMDIxWjB3MS0wKwYD\nVQQuEyQ3OTU5YThjZS1iMjFlLTQzODUtOTE3Ni1lYmMxNGUwYmE4Y2UxIzAhBgNV\nBAMTGkdvb2dsZSBDbG91ZCBTUUwgU2VydmVyIENBMRQwEgYDVQQKEwtHb29nbGUs\nIEluYzELMAkGA1UEBhMCVVMwggEiMA0GCSqGSIb3DQEBAQUAA4IBDwAwggEKAoIB\nAQDNI2hLk/ammqz+tuFlUzneMApHo5oDAx0s4orb8kt9WyYkpfIJwGh56bE+ND+m\nZVlsOC+R4BXDpEygd/x9+ZiHrWoaAWmPGlXoiD5orSqPVo8DLjyseq4KrN7R2QSh\nr2/8ONpwPXXTkE4EIjcrSfUZBMPu5BnsAC6iwaSTjMQQhxZeOeH/PE+XEAzIWJxV\n2CH/PEEvSFnHrHOeas67B7eejv3Q5OvpUW9c7emIIFaVMVHf0bdbiruUgiRMgrSh\nmHYP6pw8RDknUJLpl9FpztTFAu/dvRxMCl0vSz0RH656OvCKRun7i9zDaKioCvyE\ntUmXUEKKu8NNXnaS8V3uQTa/AgMBAAGjFjAUMBIGA1UdEwEB/wQIMAYBAf8CAQAw\nDQYJKoZIhvcNAQELBQADggEBAARCdUhWZuOzFVsO9QgGmkRe559MR6xpvy11voB/\niwxksIZONPvgaumjOW5QzcAJ+ku5upJz1i5Jkd5g63R4UJECZ4xqOTWwCLCEoj85\nTfT4APgbr5TGs6/EqlR6kGXRZ8z1U03VqgTv5b7Da0pdGRDku5eEn7yT8PtLn6iL\nb8K0zBMjjHsXTCyK0Jmqs8W3dcuk3LepPx2fDLDZlk7M83XkmYspA4EGm0ghpUEo\nSnwDbZlAskhAbz/Dqx+Cv5/NAdXM3PjPTwwc8GPZ7xS92W6bkvHWkBNQ95pp4Kpd\ngyGyV7SKuiqoG/RGPp3RGpPQFFzThfvY8a/bPenB2JJfG8M=\n-----END CERTIFICATE-----",
                "common_name": "C=US,O=Google\\, Inc,CN=Google Cloud SQL Server CA,dnQualifier=7959a8ce-b21e-4385-9176-ebc14e0ba8ce",
                "create_time": "2023-09-05T14:29:21.974Z",
                "expiration_time": "2033-09-02T14:30:21.974Z",
                "sha1_fingerprint": "2b5dbddd197149f8e1a169d244c7ea60524ee19d"
              }
            ],
            "service_account_email_address": "p796615774441-egyy8j@gcp-sa-cloud-sql.iam.gserviceaccount.com",
            "settings": [
              {
                "activation_policy": "ALWAYS",
                "active_directory_config": [],
                "advanced_machine_features": [],
                "availability_type": "ZONAL",
                "backup_configuration": [
                  {
                    "backup_retention_settings": [
                      {
                        "retained_backups": 7,
                        "retention_unit": "COUNT"
                      }
                    ],
                    "binary_log_enabled": false,
                    "enabled": false,
                    "location": "",
                    "point_in_time_recovery_enabled": false,
                    "start_time": "01:00",
                    "transaction_log_retention_days": 7
                  }
                ],
                "collation": "",
                "connector_enforcement": "NOT_REQUIRED",
                "data_cache_config": [],
                "database_flags": [],
                "deletion_protection_enabled": false,
                "deny_maintenance_period": [],
                "disk_autoresize": true,
                "disk_autoresize_limit": 0,
                "disk_size": 10,
                "disk_type": "PD_SSD",
                "edition": "",
                "insights_config": [],
                "ip_configuration": [
                  {
                    "allocated_ip_range": "",
                    "authorized_networks": [],
                    "enable_private_path_for_google_cloud_services": false,
                    "ipv4_enabled": false,
                    "private_network": "projects/indigo-charge-316314/global/networks/my-vpc-network",
                    "psc_config": [],
                    "require_ssl": false
                  }
                ],
                "location_preference": [
                  {
                    "follow_gae_application": "",
                    "secondary_zone": "",
                    "zone": "us-central1-b"
                  }
                ],
                "maintenance_window": [],
                "password_validation_policy": [],
                "pricing_plan": "PER_USE",
                "sql_server_audit_config": [],
                "tier": "db-f1-micro",
                "time_zone": "",
                "user_labels": {},
                "version": 1
              }
            ],
            "timeouts": null
          },
          "sensitive_attributes": [],
          "private": "eyJlMmJmYjczMC1lY2FhLTExZTYtOGY4OC0zNDM2M2JjN2M0YzAiOnsiY3JlYXRlIjoyNDAwMDAwMDAwMDAwLCJkZWxldGUiOjE4MDAwMDAwMDAwMDAsInVwZGF0ZSI6MTgwMDAwMDAwMDAwMH19",
          "dependencies": [
            "google_compute_global_address.private_ip_address",
            "google_compute_network.vpc_network",
            "google_service_networking_connection.default",
            "random_id.db_name_suffix"
          ]
        }
      ]
    },
    {
      "mode": "managed",
      "type": "google_sql_user",
      "name": "users",
      "provider": "provider[\"registry.terraform.io/hashicorp/google\"]",
      "instances": [
        {
          "schema_version": 1,
          "attributes": {
            "deletion_policy": null,
            "host": "%",
            "id": "wordpress/%/main-instance-0af16ff2",
            "instance": "main-instance-0af16ff2",
            "name": "wordpress",
            "password": "wordpress",
            "password_policy": [],
            "project": "indigo-charge-316314",
            "sql_server_user_details": [],
            "timeouts": null,
            "type": ""
          },
          "sensitive_attributes": [],
          "private": "eyJlMmJmYjczMC1lY2FhLTExZTYtOGY4OC0zNDM2M2JjN2M0YzAiOnsiY3JlYXRlIjo2MDAwMDAwMDAwMDAsImRlbGV0ZSI6NjAwMDAwMDAwMDAwLCJ1cGRhdGUiOjYwMDAwMDAwMDAwMH0sInNjaGVtYV92ZXJzaW9uIjoiMSJ9",
          "dependencies": [
            "google_compute_global_address.private_ip_address",
            "google_compute_network.vpc_network",
            "google_service_networking_connection.default",
            "google_sql_database_instance.main",
            "random_id.db_name_suffix"
          ]
        }
      ]
    },
    {
      "mode": "managed",
      "type": "random_id",
      "name": "db_name_suffix",
      "provider": "provider[\"registry.terraform.io/hashicorp/random\"]",
      "instances": [
        {
          "schema_version": 0,
          "attributes": {
            "b64_std": "CvFv8g==",
            "b64_url": "CvFv8g",
            "byte_length": 4,
            "dec": "183594994",
            "hex": "0af16ff2",
            "id": "CvFv8g",
            "keepers": null,
            "prefix": null
          },
          "sensitive_attributes": []
        }
      ]
    }
  ],
  "check_results": null
}
